// !$*UTF8*$!
{
	archiveVersion = 1;
	classes = {
	};
	objectVersion = 55;
	objects = {

/* Begin PBXBuildFile section */
		A237D23F280C314E007655BD /* MainCollectionViewCell.swift in Sources */ = {isa = PBXBuildFile; fileRef = A237D23E280C314E007655BD /* MainCollectionViewCell.swift */; };
		A237D241280C3321007655BD /* MainCollectionViewCellViewModel.swift in Sources */ = {isa = PBXBuildFile; fileRef = A237D240280C3321007655BD /* MainCollectionViewCellViewModel.swift */; };
		A237D244280C358D007655BD /* MainCollectionViewViewModel.swift in Sources */ = {isa = PBXBuildFile; fileRef = A237D243280C358D007655BD /* MainCollectionViewViewModel.swift */; };
		A237D246280C59C8007655BD /* UIScrollView + extension.swift in Sources */ = {isa = PBXBuildFile; fileRef = A237D245280C59C8007655BD /* UIScrollView + extension.swift */; };
		A237D248280C6A53007655BD /* UIViewController + extension.swift in Sources */ = {isa = PBXBuildFile; fileRef = A237D247280C6A53007655BD /* UIViewController + extension.swift */; };
		A245027728087ADC005FF06C /* DetailsCollectionCellViewModel.swift in Sources */ = {isa = PBXBuildFile; fileRef = A245027628087ADC005FF06C /* DetailsCollectionCellViewModel.swift */; };
		A24502792808836D005FF06C /* DetailsCollectionViewModel.swift in Sources */ = {isa = PBXBuildFile; fileRef = A24502782808836C005FF06C /* DetailsCollectionViewModel.swift */; };
		A245027B2808A355005FF06C /* UIImage + extension.swift in Sources */ = {isa = PBXBuildFile; fileRef = A245027A2808A355005FF06C /* UIImage + extension.swift */; };
		A24BBC7628004F0600EA5A87 /* API.swift in Sources */ = {isa = PBXBuildFile; fileRef = A24BBC7528004F0600EA5A87 /* API.swift */; };
		A24BBC7928004FAD00EA5A87 /* AssemblyBuilder.swift in Sources */ = {isa = PBXBuildFile; fileRef = A24BBC7828004FAD00EA5A87 /* AssemblyBuilder.swift */; };
		A24BBC7C2800543900EA5A87 /* Router.swift in Sources */ = {isa = PBXBuildFile; fileRef = A24BBC7B2800543900EA5A87 /* Router.swift */; };
		A24EE55327FEEE6E0005E3D1 /* MainStageSectionCell.swift in Sources */ = {isa = PBXBuildFile; fileRef = A24EE55227FEEE6E0005E3D1 /* MainStageSectionCell.swift */; };
		A24EE55527FF17640005E3D1 /* RocketModel.swift in Sources */ = {isa = PBXBuildFile; fileRef = A24EE55427FF17640005E3D1 /* RocketModel.swift */; };
		A2516722280B15F800FFFB56 /* NavigationController.swift in Sources */ = {isa = PBXBuildFile; fileRef = A2516721280B15F800FFFB56 /* NavigationController.swift */; };
		A251FB5627FF712E007649EF /* NetworkManager.swift in Sources */ = {isa = PBXBuildFile; fileRef = A251FB5527FF712E007649EF /* NetworkManager.swift */; };
		A251FB5A27FF7E62007649EF /* BasePresenter.swift in Sources */ = {isa = PBXBuildFile; fileRef = A251FB5927FF7E62007649EF /* BasePresenter.swift */; };
		A251FB5C27FF7FC5007649EF /* RocketData.swift in Sources */ = {isa = PBXBuildFile; fileRef = A251FB5B27FF7FC5007649EF /* RocketData.swift */; };
		A251FB6027FF8454007649EF /* Rockets.JSON in Resources */ = {isa = PBXBuildFile; fileRef = A251FB5F27FF8454007649EF /* Rockets.JSON */; };
		A25BB6C32804AC0700FCDF02 /* MainInfoSectionViewModel.swift in Sources */ = {isa = PBXBuildFile; fileRef = A25BB6C22804AC0700FCDF02 /* MainInfoSectionViewModel.swift */; };
		A25BB6C52804AC1E00FCDF02 /* MainStageSectionViewModel.swift in Sources */ = {isa = PBXBuildFile; fileRef = A25BB6C42804AC1E00FCDF02 /* MainStageSectionViewModel.swift */; };
		A25FBF4C28171C1B003F9280 /* SettingsViewController.swift in Sources */ = {isa = PBXBuildFile; fileRef = A25FBF4B28171C1B003F9280 /* SettingsViewController.swift */; };
		A25FBF4E28171C58003F9280 /* SettingsPresenter.swift in Sources */ = {isa = PBXBuildFile; fileRef = A25FBF4D28171C58003F9280 /* SettingsPresenter.swift */; };
		A25FCF2B2803E83700A34EBA /* MainTableViewCellViewModel.swift in Sources */ = {isa = PBXBuildFile; fileRef = A25FCF2A2803E83700A34EBA /* MainTableViewCellViewModel.swift */; };
		A25FCF312803EFD900A34EBA /* MainTableViewViewModel.swift in Sources */ = {isa = PBXBuildFile; fileRef = A25FCF302803EFD900A34EBA /* MainTableViewViewModel.swift */; };
		A26298C428056002005F2798 /* MainButtonSectionViewModel.swift in Sources */ = {isa = PBXBuildFile; fileRef = A26298C328056002005F2798 /* MainButtonSectionViewModel.swift */; };
		A275CA0F27FC1C2F0020B02B /* AppDelegate.swift in Sources */ = {isa = PBXBuildFile; fileRef = A275CA0E27FC1C2F0020B02B /* AppDelegate.swift */; };
		A275CA1127FC1C2F0020B02B /* SceneDelegate.swift in Sources */ = {isa = PBXBuildFile; fileRef = A275CA1027FC1C2F0020B02B /* SceneDelegate.swift */; };
		A275CA1627FC1C2F0020B02B /* Main.storyboard in Resources */ = {isa = PBXBuildFile; fileRef = A275CA1427FC1C2F0020B02B /* Main.storyboard */; };
		A275CA1827FC1C300020B02B /* Assets.xcassets in Resources */ = {isa = PBXBuildFile; fileRef = A275CA1727FC1C300020B02B /* Assets.xcassets */; };
		A275CA1B27FC1C300020B02B /* LaunchScreen.storyboard in Resources */ = {isa = PBXBuildFile; fileRef = A275CA1927FC1C300020B02B /* LaunchScreen.storyboard */; };
		A275CA2627FC21D20020B02B /* BasePageViewController.swift in Sources */ = {isa = PBXBuildFile; fileRef = A275CA2527FC21D20020B02B /* BasePageViewController.swift */; };
		A275CA2D27FC24040020B02B /* MainViewController.swift in Sources */ = {isa = PBXBuildFile; fileRef = A275CA2C27FC24040020B02B /* MainViewController.swift */; };
		A275CA3227FC9E310020B02B /* MainView.swift in Sources */ = {isa = PBXBuildFile; fileRef = A275CA3127FC9E310020B02B /* MainView.swift */; };
		A275CA3727FCAC400020B02B /* MainViewHeader.swift in Sources */ = {isa = PBXBuildFile; fileRef = A275CA3627FCAC400020B02B /* MainViewHeader.swift */; };
		A2768140281C013000C0172F /* SettingsView.swift in Sources */ = {isa = PBXBuildFile; fileRef = A276813F281C013000C0172F /* SettingsView.swift */; };
		A2768143281C0D9C00C0172F /* SettingsItemView.swift in Sources */ = {isa = PBXBuildFile; fileRef = A2768142281C0D9C00C0172F /* SettingsItemView.swift */; };
		A2852F8E27FE1EBF000CDA92 /* MainShowButtonCell.swift in Sources */ = {isa = PBXBuildFile; fileRef = A2852F8D27FE1EBF000CDA92 /* MainShowButtonCell.swift */; };
		A2852F9127FE3B12000CDA92 /* MainSectionHeader.swift in Sources */ = {isa = PBXBuildFile; fileRef = A2852F9027FE3B12000CDA92 /* MainSectionHeader.swift */; };
		A299754E2806ACC80015FB9A /* Launches.JSON in Resources */ = {isa = PBXBuildFile; fileRef = A299754D2806ACC80015FB9A /* Launches.JSON */; };
		A2A19BA328028AD400B28901 /* MainPresenter.swift in Sources */ = {isa = PBXBuildFile; fileRef = A2A19BA228028AD400B28901 /* MainPresenter.swift */; };
		A2A19BA52802B1A500B28901 /* DataManager.swift in Sources */ = {isa = PBXBuildFile; fileRef = A2A19BA42802B1A500B28901 /* DataManager.swift */; };
		A2A19BA72802C57C00B28901 /* Size.swift in Sources */ = {isa = PBXBuildFile; fileRef = A2A19BA62802C57C00B28901 /* Size.swift */; };
		A2D383AA2805831C007F22C3 /* LaunchModel.swift in Sources */ = {isa = PBXBuildFile; fileRef = A2D383A92805831C007F22C3 /* LaunchModel.swift */; };
		A2D383AC280587A5007F22C3 /* DetailsViewController.swift in Sources */ = {isa = PBXBuildFile; fileRef = A2D383AB280587A5007F22C3 /* DetailsViewController.swift */; };
		A2D383AE280587DD007F22C3 /* DetailsPresenter.swift in Sources */ = {isa = PBXBuildFile; fileRef = A2D383AD280587DD007F22C3 /* DetailsPresenter.swift */; };
		A2D383B02805BE6A007F22C3 /* TextFormatter.swift in Sources */ = {isa = PBXBuildFile; fileRef = A2D383AF2805BE6A007F22C3 /* TextFormatter.swift */; };
		A2D383B52805E0AE007F22C3 /* DetailsCollectionCell.swift in Sources */ = {isa = PBXBuildFile; fileRef = A2D383B42805E0AE007F22C3 /* DetailsCollectionCell.swift */; };
		A2DB9CF827FD7F7000339D48 /* LabGrotesque-Bold.ttf in Resources */ = {isa = PBXBuildFile; fileRef = A2DB9CF427FD7F6F00339D48 /* LabGrotesque-Bold.ttf */; };
		A2DB9CF927FD7F7000339D48 /* LabGrotesque-Thin.ttf in Resources */ = {isa = PBXBuildFile; fileRef = A2DB9CF527FD7F7000339D48 /* LabGrotesque-Thin.ttf */; };
		A2DB9CFA27FD7F7000339D48 /* LabGrotesque-Regular.ttf in Resources */ = {isa = PBXBuildFile; fileRef = A2DB9CF627FD7F7000339D48 /* LabGrotesque-Regular.ttf */; };
		A2DB9CFB27FD7F7000339D48 /* LabGrotesque-Medium.ttf in Resources */ = {isa = PBXBuildFile; fileRef = A2DB9CF727FD7F7000339D48 /* LabGrotesque-Medium.ttf */; };
		A2DB9CFD27FD806200339D48 /* FontNames in Resources */ = {isa = PBXBuildFile; fileRef = A2DB9CFC27FD806100339D48 /* FontNames */; };
		A2DB9D0427FD882F00339D48 /* MainInfoSectionCell.swift in Sources */ = {isa = PBXBuildFile; fileRef = A2DB9D0327FD882F00339D48 /* MainInfoSectionCell.swift */; };
		A2DB9D0627FD88A700339D48 /* Font.swift in Sources */ = {isa = PBXBuildFile; fileRef = A2DB9D0527FD88A700339D48 /* Font.swift */; };
		A2DB9D0827FD997C00339D48 /* Color.swift in Sources */ = {isa = PBXBuildFile; fileRef = A2DB9D0727FD997C00339D48 /* Color.swift */; };
/* End PBXBuildFile section */

/* Begin PBXFileReference section */
		A237D23E280C314E007655BD /* MainCollectionViewCell.swift */ = {isa = PBXFileReference; lastKnownFileType = sourcecode.swift; path = MainCollectionViewCell.swift; sourceTree = "<group>"; };
		A237D240280C3321007655BD /* MainCollectionViewCellViewModel.swift */ = {isa = PBXFileReference; lastKnownFileType = sourcecode.swift; path = MainCollectionViewCellViewModel.swift; sourceTree = "<group>"; };
		A237D243280C358D007655BD /* MainCollectionViewViewModel.swift */ = {isa = PBXFileReference; lastKnownFileType = sourcecode.swift; path = MainCollectionViewViewModel.swift; sourceTree = "<group>"; };
		A237D245280C59C8007655BD /* UIScrollView + extension.swift */ = {isa = PBXFileReference; lastKnownFileType = sourcecode.swift; path = "UIScrollView + extension.swift"; sourceTree = "<group>"; };
		A237D247280C6A53007655BD /* UIViewController + extension.swift */ = {isa = PBXFileReference; lastKnownFileType = sourcecode.swift; path = "UIViewController + extension.swift"; sourceTree = "<group>"; };
		A245027628087ADC005FF06C /* DetailsCollectionCellViewModel.swift */ = {isa = PBXFileReference; lastKnownFileType = sourcecode.swift; path = DetailsCollectionCellViewModel.swift; sourceTree = "<group>"; };
		A24502782808836C005FF06C /* DetailsCollectionViewModel.swift */ = {isa = PBXFileReference; lastKnownFileType = sourcecode.swift; path = DetailsCollectionViewModel.swift; sourceTree = "<group>"; };
		A245027A2808A355005FF06C /* UIImage + extension.swift */ = {isa = PBXFileReference; lastKnownFileType = sourcecode.swift; path = "UIImage + extension.swift"; sourceTree = "<group>"; };
		A24BBC7528004F0600EA5A87 /* API.swift */ = {isa = PBXFileReference; lastKnownFileType = sourcecode.swift; path = API.swift; sourceTree = "<group>"; };
		A24BBC7828004FAD00EA5A87 /* AssemblyBuilder.swift */ = {isa = PBXFileReference; lastKnownFileType = sourcecode.swift; path = AssemblyBuilder.swift; sourceTree = "<group>"; };
		A24BBC7B2800543900EA5A87 /* Router.swift */ = {isa = PBXFileReference; lastKnownFileType = sourcecode.swift; path = Router.swift; sourceTree = "<group>"; };
		A24EE55227FEEE6E0005E3D1 /* MainStageSectionCell.swift */ = {isa = PBXFileReference; lastKnownFileType = sourcecode.swift; path = MainStageSectionCell.swift; sourceTree = "<group>"; };
		A24EE55427FF17640005E3D1 /* RocketModel.swift */ = {isa = PBXFileReference; lastKnownFileType = sourcecode.swift; path = RocketModel.swift; sourceTree = "<group>"; };
		A2516721280B15F800FFFB56 /* NavigationController.swift */ = {isa = PBXFileReference; lastKnownFileType = sourcecode.swift; path = NavigationController.swift; sourceTree = "<group>"; };
		A251FB5527FF712E007649EF /* NetworkManager.swift */ = {isa = PBXFileReference; lastKnownFileType = sourcecode.swift; path = NetworkManager.swift; sourceTree = "<group>"; };
		A251FB5927FF7E62007649EF /* BasePresenter.swift */ = {isa = PBXFileReference; lastKnownFileType = sourcecode.swift; path = BasePresenter.swift; sourceTree = "<group>"; };
		A251FB5B27FF7FC5007649EF /* RocketData.swift */ = {isa = PBXFileReference; lastKnownFileType = sourcecode.swift; path = RocketData.swift; sourceTree = "<group>"; };
		A251FB5F27FF8454007649EF /* Rockets.JSON */ = {isa = PBXFileReference; explicitFileType = text.json; path = Rockets.JSON; sourceTree = "<group>"; };
		A25BB6C22804AC0700FCDF02 /* MainInfoSectionViewModel.swift */ = {isa = PBXFileReference; lastKnownFileType = sourcecode.swift; path = MainInfoSectionViewModel.swift; sourceTree = "<group>"; };
		A25BB6C42804AC1E00FCDF02 /* MainStageSectionViewModel.swift */ = {isa = PBXFileReference; lastKnownFileType = sourcecode.swift; path = MainStageSectionViewModel.swift; sourceTree = "<group>"; };
		A25FBF4B28171C1B003F9280 /* SettingsViewController.swift */ = {isa = PBXFileReference; lastKnownFileType = sourcecode.swift; path = SettingsViewController.swift; sourceTree = "<group>"; };
		A25FBF4D28171C58003F9280 /* SettingsPresenter.swift */ = {isa = PBXFileReference; lastKnownFileType = sourcecode.swift; path = SettingsPresenter.swift; sourceTree = "<group>"; };
		A25FCF2A2803E83700A34EBA /* MainTableViewCellViewModel.swift */ = {isa = PBXFileReference; lastKnownFileType = sourcecode.swift; path = MainTableViewCellViewModel.swift; sourceTree = "<group>"; };
		A25FCF302803EFD900A34EBA /* MainTableViewViewModel.swift */ = {isa = PBXFileReference; lastKnownFileType = sourcecode.swift; path = MainTableViewViewModel.swift; sourceTree = "<group>"; };
		A26298C328056002005F2798 /* MainButtonSectionViewModel.swift */ = {isa = PBXFileReference; lastKnownFileType = sourcecode.swift; path = MainButtonSectionViewModel.swift; sourceTree = "<group>"; };
		A275CA0B27FC1C2F0020B02B /* SpaceXRocketsApp.app */ = {isa = PBXFileReference; explicitFileType = wrapper.application; includeInIndex = 0; path = SpaceXRocketsApp.app; sourceTree = BUILT_PRODUCTS_DIR; };
		A275CA0E27FC1C2F0020B02B /* AppDelegate.swift */ = {isa = PBXFileReference; lastKnownFileType = sourcecode.swift; path = AppDelegate.swift; sourceTree = "<group>"; };
		A275CA1027FC1C2F0020B02B /* SceneDelegate.swift */ = {isa = PBXFileReference; lastKnownFileType = sourcecode.swift; path = SceneDelegate.swift; sourceTree = "<group>"; };
		A275CA1527FC1C2F0020B02B /* Base */ = {isa = PBXFileReference; lastKnownFileType = file.storyboard; name = Base; path = Base.lproj/Main.storyboard; sourceTree = "<group>"; };
		A275CA1727FC1C300020B02B /* Assets.xcassets */ = {isa = PBXFileReference; lastKnownFileType = folder.assetcatalog; path = Assets.xcassets; sourceTree = "<group>"; };
		A275CA1A27FC1C300020B02B /* Base */ = {isa = PBXFileReference; lastKnownFileType = file.storyboard; name = Base; path = Base.lproj/LaunchScreen.storyboard; sourceTree = "<group>"; };
		A275CA1C27FC1C300020B02B /* Info.plist */ = {isa = PBXFileReference; lastKnownFileType = text.plist.xml; path = Info.plist; sourceTree = "<group>"; };
		A275CA2527FC21D20020B02B /* BasePageViewController.swift */ = {isa = PBXFileReference; lastKnownFileType = sourcecode.swift; path = BasePageViewController.swift; sourceTree = "<group>"; };
		A275CA2C27FC24040020B02B /* MainViewController.swift */ = {isa = PBXFileReference; lastKnownFileType = sourcecode.swift; path = MainViewController.swift; sourceTree = "<group>"; };
		A275CA3127FC9E310020B02B /* MainView.swift */ = {isa = PBXFileReference; lastKnownFileType = sourcecode.swift; path = MainView.swift; sourceTree = "<group>"; };
		A275CA3627FCAC400020B02B /* MainViewHeader.swift */ = {isa = PBXFileReference; lastKnownFileType = sourcecode.swift; path = MainViewHeader.swift; sourceTree = "<group>"; };
		A276813F281C013000C0172F /* SettingsView.swift */ = {isa = PBXFileReference; lastKnownFileType = sourcecode.swift; path = SettingsView.swift; sourceTree = "<group>"; };
		A2768142281C0D9C00C0172F /* SettingsItemView.swift */ = {isa = PBXFileReference; lastKnownFileType = sourcecode.swift; path = SettingsItemView.swift; sourceTree = "<group>"; };
		A2852F8D27FE1EBF000CDA92 /* MainShowButtonCell.swift */ = {isa = PBXFileReference; lastKnownFileType = sourcecode.swift; path = MainShowButtonCell.swift; sourceTree = "<group>"; };
		A2852F9027FE3B12000CDA92 /* MainSectionHeader.swift */ = {isa = PBXFileReference; lastKnownFileType = sourcecode.swift; path = MainSectionHeader.swift; sourceTree = "<group>"; };
		A299754D2806ACC80015FB9A /* Launches.JSON */ = {isa = PBXFileReference; explicitFileType = text.json; path = Launches.JSON; sourceTree = "<group>"; };
		A2A19BA228028AD400B28901 /* MainPresenter.swift */ = {isa = PBXFileReference; lastKnownFileType = sourcecode.swift; path = MainPresenter.swift; sourceTree = "<group>"; };
		A2A19BA42802B1A500B28901 /* DataManager.swift */ = {isa = PBXFileReference; lastKnownFileType = sourcecode.swift; path = DataManager.swift; sourceTree = "<group>"; };
		A2A19BA62802C57C00B28901 /* Size.swift */ = {isa = PBXFileReference; lastKnownFileType = sourcecode.swift; path = Size.swift; sourceTree = "<group>"; };
		A2D383A92805831C007F22C3 /* LaunchModel.swift */ = {isa = PBXFileReference; lastKnownFileType = sourcecode.swift; path = LaunchModel.swift; sourceTree = "<group>"; };
		A2D383AB280587A5007F22C3 /* DetailsViewController.swift */ = {isa = PBXFileReference; lastKnownFileType = sourcecode.swift; path = DetailsViewController.swift; sourceTree = "<group>"; };
		A2D383AD280587DD007F22C3 /* DetailsPresenter.swift */ = {isa = PBXFileReference; lastKnownFileType = sourcecode.swift; path = DetailsPresenter.swift; sourceTree = "<group>"; };
		A2D383AF2805BE6A007F22C3 /* TextFormatter.swift */ = {isa = PBXFileReference; lastKnownFileType = sourcecode.swift; path = TextFormatter.swift; sourceTree = "<group>"; };
		A2D383B42805E0AE007F22C3 /* DetailsCollectionCell.swift */ = {isa = PBXFileReference; lastKnownFileType = sourcecode.swift; path = DetailsCollectionCell.swift; sourceTree = "<group>"; };
		A2DB9CF427FD7F6F00339D48 /* LabGrotesque-Bold.ttf */ = {isa = PBXFileReference; lastKnownFileType = file; path = "LabGrotesque-Bold.ttf"; sourceTree = "<group>"; };
		A2DB9CF527FD7F7000339D48 /* LabGrotesque-Thin.ttf */ = {isa = PBXFileReference; lastKnownFileType = file; path = "LabGrotesque-Thin.ttf"; sourceTree = "<group>"; };
		A2DB9CF627FD7F7000339D48 /* LabGrotesque-Regular.ttf */ = {isa = PBXFileReference; lastKnownFileType = file; path = "LabGrotesque-Regular.ttf"; sourceTree = "<group>"; };
		A2DB9CF727FD7F7000339D48 /* LabGrotesque-Medium.ttf */ = {isa = PBXFileReference; lastKnownFileType = file; path = "LabGrotesque-Medium.ttf"; sourceTree = "<group>"; };
		A2DB9CFC27FD806100339D48 /* FontNames */ = {isa = PBXFileReference; lastKnownFileType = text; path = FontNames; sourceTree = "<group>"; };
		A2DB9D0327FD882F00339D48 /* MainInfoSectionCell.swift */ = {isa = PBXFileReference; lastKnownFileType = sourcecode.swift; path = MainInfoSectionCell.swift; sourceTree = "<group>"; };
		A2DB9D0527FD88A700339D48 /* Font.swift */ = {isa = PBXFileReference; lastKnownFileType = sourcecode.swift; path = Font.swift; sourceTree = "<group>"; };
		A2DB9D0727FD997C00339D48 /* Color.swift */ = {isa = PBXFileReference; lastKnownFileType = sourcecode.swift; path = Color.swift; sourceTree = "<group>"; };
/* End PBXFileReference section */

/* Begin PBXFrameworksBuildPhase section */
		A275CA0827FC1C2F0020B02B /* Frameworks */ = {
			isa = PBXFrameworksBuildPhase;
			buildActionMask = 2147483647;
			files = (
			);
			runOnlyForDeploymentPostprocessing = 0;
		};
/* End PBXFrameworksBuildPhase section */

/* Begin PBXGroup section */
		A21FBC9B2802CB2F0095D4E4 /* ViewModels */ = {
			isa = PBXGroup;
			children = (
				A25FCF2A2803E83700A34EBA /* MainTableViewCellViewModel.swift */,
				A25BB6C22804AC0700FCDF02 /* MainInfoSectionViewModel.swift */,
				A25BB6C42804AC1E00FCDF02 /* MainStageSectionViewModel.swift */,
				A26298C328056002005F2798 /* MainButtonSectionViewModel.swift */,
			);
			path = ViewModels;
			sourceTree = "<group>";
		};
		A21FBCA02802F6210095D4E4 /* Cells */ = {
			isa = PBXGroup;
			children = (
				A2DB9D0327FD882F00339D48 /* MainInfoSectionCell.swift */,
				A24EE55227FEEE6E0005E3D1 /* MainStageSectionCell.swift */,
				A2852F8D27FE1EBF000CDA92 /* MainShowButtonCell.swift */,
				A21FBC9B2802CB2F0095D4E4 /* ViewModels */,
			);
			path = Cells;
			sourceTree = "<group>";
		};
		A21FBCA12802F62A0095D4E4 /* Header */ = {
			isa = PBXGroup;
			children = (
				A2852F9027FE3B12000CDA92 /* MainSectionHeader.swift */,
			);
			path = Header;
			sourceTree = "<group>";
		};
		A21FBCA22802F67E0095D4E4 /* TableView */ = {
			isa = PBXGroup;
			children = (
				A25FCF302803EFD900A34EBA /* MainTableViewViewModel.swift */,
				A21FBCA02802F6210095D4E4 /* Cells */,
				A21FBCA12802F62A0095D4E4 /* Header */,
			);
			path = TableView;
			sourceTree = "<group>";
		};
		A237D23B280C0458007655BD /* JSONs */ = {
			isa = PBXGroup;
			children = (
				A251FB5F27FF8454007649EF /* Rockets.JSON */,
				A299754D2806ACC80015FB9A /* Launches.JSON */,
			);
			path = JSONs;
			sourceTree = "<group>";
		};
		A237D23C280C2EF2007655BD /* CollectionView */ = {
			isa = PBXGroup;
			children = (
				A237D243280C358D007655BD /* MainCollectionViewViewModel.swift */,
				A237D23D280C30EB007655BD /* Cell */,
			);
			path = CollectionView;
			sourceTree = "<group>";
		};
		A237D23D280C30EB007655BD /* Cell */ = {
			isa = PBXGroup;
			children = (
				A237D23E280C314E007655BD /* MainCollectionViewCell.swift */,
				A237D242280C3323007655BD /* ViewModel */,
			);
			path = Cell;
			sourceTree = "<group>";
		};
		A237D242280C3323007655BD /* ViewModel */ = {
			isa = PBXGroup;
			children = (
				A237D240280C3321007655BD /* MainCollectionViewCellViewModel.swift */,
			);
			path = ViewModel;
			sourceTree = "<group>";
		};
		A245027528087ABE005FF06C /* ViewModel */ = {
			isa = PBXGroup;
			children = (
				A245027628087ADC005FF06C /* DetailsCollectionCellViewModel.swift */,
			);
			path = ViewModel;
			sourceTree = "<group>";
		};
		A245027C2808A51C005FF06C /* ViewModel */ = {
			isa = PBXGroup;
			children = (
				A24502782808836C005FF06C /* DetailsCollectionViewModel.swift */,
			);
			path = ViewModel;
			sourceTree = "<group>";
		};
		A24BBC7728004F9100EA5A87 /* Assembly */ = {
			isa = PBXGroup;
			children = (
				A24BBC7828004FAD00EA5A87 /* AssemblyBuilder.swift */,
			);
			path = Assembly;
			sourceTree = "<group>";
		};
		A24BBC7A2800502100EA5A87 /* Delegates */ = {
			isa = PBXGroup;
			children = (
				A275CA0E27FC1C2F0020B02B /* AppDelegate.swift */,
				A275CA1027FC1C2F0020B02B /* SceneDelegate.swift */,
			);
			path = Delegates;
			sourceTree = "<group>";
		};
		A24BBC7D2800543C00EA5A87 /* Routing */ = {
			isa = PBXGroup;
			children = (
				A24BBC7B2800543900EA5A87 /* Router.swift */,
			);
			path = Routing;
			sourceTree = "<group>";
		};
		A2516723280B17BA00FFFB56 /* Root */ = {
			isa = PBXGroup;
			children = (
				A2516721280B15F800FFFB56 /* NavigationController.swift */,
			);
			path = Root;
			sourceTree = "<group>";
		};
		A251FB5727FF7DF3007649EF /* Model */ = {
			isa = PBXGroup;
			children = (
				A24EE55427FF17640005E3D1 /* RocketModel.swift */,
			);
			path = Model;
			sourceTree = "<group>";
		};
		A251FB5827FF7E00007649EF /* Presenter */ = {
			isa = PBXGroup;
			children = (
				A251FB5927FF7E62007649EF /* BasePresenter.swift */,
			);
			path = Presenter;
			sourceTree = "<group>";
		};
		A251FB5D27FF8320007649EF /* Modules */ = {
			isa = PBXGroup;
			children = (
				A275CA2727FC22450020B02B /* BaseModule */,
				A264E8A82801F350005CF25C /* MainModule */,
				A2D383A52805828F007F22C3 /* DetailsModule */,
				A25FBF4828171BBC003F9280 /* SettingsModule */,
			);
			path = Modules;
			sourceTree = "<group>";
		};
		A251FB5E27FF835E007649EF /* Other */ = {
			isa = PBXGroup;
			children = (
				A275CA2427FC1D060020B02B /* Storyboards */,
			);
			path = Other;
			sourceTree = "<group>";
		};
		A25FBF4828171BBC003F9280 /* SettingsModule */ = {
			isa = PBXGroup;
			children = (
				A25FBF4928171BE9003F9280 /* View */,
				A25FBF4A28171BEE003F9280 /* Presenter */,
			);
			path = SettingsModule;
			sourceTree = "<group>";
		};
		A25FBF4928171BE9003F9280 /* View */ = {
			isa = PBXGroup;
			children = (
				A25FBF4B28171C1B003F9280 /* SettingsViewController.swift */,
				A2768141281C013500C0172F /* Subviews */,
			);
			path = View;
			sourceTree = "<group>";
		};
		A25FBF4A28171BEE003F9280 /* Presenter */ = {
			isa = PBXGroup;
			children = (
				A25FBF4D28171C58003F9280 /* SettingsPresenter.swift */,
			);
			path = Presenter;
			sourceTree = "<group>";
		};
		A264E8A82801F350005CF25C /* MainModule */ = {
			isa = PBXGroup;
			children = (
				A264E8A928020576005CF25C /* Model */,
				A264E8AA2802057E005CF25C /* View */,
				A2A19BA128028AC000B28901 /* Presenter */,
			);
			path = MainModule;
			sourceTree = "<group>";
		};
		A264E8A928020576005CF25C /* Model */ = {
			isa = PBXGroup;
			children = (
				A251FB5B27FF7FC5007649EF /* RocketData.swift */,
			);
			path = Model;
			sourceTree = "<group>";
		};
		A264E8AA2802057E005CF25C /* View */ = {
			isa = PBXGroup;
			children = (
				A275CA2C27FC24040020B02B /* MainViewController.swift */,
				A275CA3527FCAC1E0020B02B /* Subviews */,
			);
			path = View;
			sourceTree = "<group>";
		};
		A275CA0227FC1C2F0020B02B = {
			isa = PBXGroup;
			children = (
				A275CA0D27FC1C2F0020B02B /* SpaceXRocketsApp */,
				A275CA0C27FC1C2F0020B02B /* Products */,
			);
			sourceTree = "<group>";
		};
		A275CA0C27FC1C2F0020B02B /* Products */ = {
			isa = PBXGroup;
			children = (
				A275CA0B27FC1C2F0020B02B /* SpaceXRocketsApp.app */,
			);
			name = Products;
			sourceTree = "<group>";
		};
		A275CA0D27FC1C2F0020B02B /* SpaceXRocketsApp */ = {
			isa = PBXGroup;
			children = (
				A275CA2327FC1CFA0020B02B /* Core */,
				A275CA3027FC850D0020B02B /* Services */,
				A2DB9D0927FD9BE600339D48 /* Supporting Files */,
				A2D383B22805C243007F22C3 /* Resources */,
				A251FB5E27FF835E007649EF /* Other */,
			);
			path = SpaceXRocketsApp;
			sourceTree = "<group>";
		};
		A275CA2327FC1CFA0020B02B /* Core */ = {
			isa = PBXGroup;
			children = (
				A24BBC7A2800502100EA5A87 /* Delegates */,
				A2516723280B17BA00FFFB56 /* Root */,
				A24BBC7D2800543C00EA5A87 /* Routing */,
				A24BBC7728004F9100EA5A87 /* Assembly */,
				A251FB5D27FF8320007649EF /* Modules */,
				A2CCC238280DA2B000D4C6E2 /* PropertyList */,
			);
			path = Core;
			sourceTree = "<group>";
		};
		A275CA2427FC1D060020B02B /* Storyboards */ = {
			isa = PBXGroup;
			children = (
				A275CA1427FC1C2F0020B02B /* Main.storyboard */,
				A275CA1927FC1C300020B02B /* LaunchScreen.storyboard */,
			);
			path = Storyboards;
			sourceTree = "<group>";
		};
		A275CA2727FC22450020B02B /* BaseModule */ = {
			isa = PBXGroup;
			children = (
				A251FB5727FF7DF3007649EF /* Model */,
				A275CA2827FC224B0020B02B /* View */,
				A251FB5827FF7E00007649EF /* Presenter */,
			);
			path = BaseModule;
			sourceTree = "<group>";
		};
		A275CA2827FC224B0020B02B /* View */ = {
			isa = PBXGroup;
			children = (
				A275CA2527FC21D20020B02B /* BasePageViewController.swift */,
			);
			path = View;
			sourceTree = "<group>";
		};
		A275CA3027FC850D0020B02B /* Services */ = {
			isa = PBXGroup;
			children = (
				A251FB5527FF712E007649EF /* NetworkManager.swift */,
				A2A19BA42802B1A500B28901 /* DataManager.swift */,
			);
			path = Services;
			sourceTree = "<group>";
		};
		A275CA3527FCAC1E0020B02B /* Subviews */ = {
			isa = PBXGroup;
			children = (
				A2852F8F27FE2253000CDA92 /* MainView */,
			);
			path = Subviews;
			sourceTree = "<group>";
		};
		A2768141281C013500C0172F /* Subviews */ = {
			isa = PBXGroup;
			children = (
				A276813F281C013000C0172F /* SettingsView.swift */,
				A2768142281C0D9C00C0172F /* SettingsItemView.swift */,
			);
			path = Subviews;
			sourceTree = "<group>";
		};
		A2852F8F27FE2253000CDA92 /* MainView */ = {
			isa = PBXGroup;
			children = (
				A275CA3127FC9E310020B02B /* MainView.swift */,
				A2DB9D0127FD86DF00339D48 /* MainViewHeader */,
				A237D23C280C2EF2007655BD /* CollectionView */,
				A21FBCA22802F67E0095D4E4 /* TableView */,
			);
			path = MainView;
			sourceTree = "<group>";
		};
		A2A19BA128028AC000B28901 /* Presenter */ = {
			isa = PBXGroup;
			children = (
				A2A19BA228028AD400B28901 /* MainPresenter.swift */,
			);
			path = Presenter;
			sourceTree = "<group>";
		};
		A2CCC238280DA2B000D4C6E2 /* PropertyList */ = {
			isa = PBXGroup;
			children = (
				A275CA1C27FC1C300020B02B /* Info.plist */,
			);
			path = PropertyList;
			sourceTree = "<group>";
		};
		A2D383A52805828F007F22C3 /* DetailsModule */ = {
			isa = PBXGroup;
			children = (
				A2D383A6280582E6007F22C3 /* Model */,
				A2D383A7280582F1007F22C3 /* View */,
				A2D383A8280582F5007F22C3 /* Presenter */,
			);
			path = DetailsModule;
			sourceTree = "<group>";
		};
		A2D383A6280582E6007F22C3 /* Model */ = {
			isa = PBXGroup;
			children = (
				A2D383A92805831C007F22C3 /* LaunchModel.swift */,
			);
			path = Model;
			sourceTree = "<group>";
		};
		A2D383A7280582F1007F22C3 /* View */ = {
			isa = PBXGroup;
			children = (
				A2D383AB280587A5007F22C3 /* DetailsViewController.swift */,
				A245027C2808A51C005FF06C /* ViewModel */,
				A2D383B32805DACD007F22C3 /* Cell */,
			);
			path = View;
			sourceTree = "<group>";
		};
		A2D383A8280582F5007F22C3 /* Presenter */ = {
			isa = PBXGroup;
			children = (
				A2D383AD280587DD007F22C3 /* DetailsPresenter.swift */,
			);
			path = Presenter;
			sourceTree = "<group>";
		};
		A2D383B12805C141007F22C3 /* Helpers */ = {
			isa = PBXGroup;
			children = (
				A2DB9D0727FD997C00339D48 /* Color.swift */,
				A2DB9D0527FD88A700339D48 /* Font.swift */,
				A2A19BA62802C57C00B28901 /* Size.swift */,
				A24BBC7528004F0600EA5A87 /* API.swift */,
				A2D383AF2805BE6A007F22C3 /* TextFormatter.swift */,
				A245027A2808A355005FF06C /* UIImage + extension.swift */,
				A237D245280C59C8007655BD /* UIScrollView + extension.swift */,
				A237D247280C6A53007655BD /* UIViewController + extension.swift */,
			);
			path = Helpers;
			sourceTree = "<group>";
		};
		A2D383B22805C243007F22C3 /* Resources */ = {
			isa = PBXGroup;
			children = (
				A275CA1727FC1C300020B02B /* Assets.xcassets */,
			);
			path = Resources;
			sourceTree = "<group>";
		};
		A2D383B32805DACD007F22C3 /* Cell */ = {
			isa = PBXGroup;
			children = (
				A2D383B42805E0AE007F22C3 /* DetailsCollectionCell.swift */,
				A245027528087ABE005FF06C /* ViewModel */,
			);
			path = Cell;
			sourceTree = "<group>";
		};
		A2DB9CF327FD7F1600339D48 /* Fonts */ = {
			isa = PBXGroup;
			children = (
				A2DB9CFC27FD806100339D48 /* FontNames */,
				A2DB9CF427FD7F6F00339D48 /* LabGrotesque-Bold.ttf */,
				A2DB9CF727FD7F7000339D48 /* LabGrotesque-Medium.ttf */,
				A2DB9CF627FD7F7000339D48 /* LabGrotesque-Regular.ttf */,
				A2DB9CF527FD7F7000339D48 /* LabGrotesque-Thin.ttf */,
			);
			path = Fonts;
			sourceTree = "<group>";
		};
		A2DB9D0127FD86DF00339D48 /* MainViewHeader */ = {
			isa = PBXGroup;
			children = (
				A275CA3627FCAC400020B02B /* MainViewHeader.swift */,
			);
			path = MainViewHeader;
			sourceTree = "<group>";
		};
		A2DB9D0927FD9BE600339D48 /* Supporting Files */ = {
			isa = PBXGroup;
			children = (
				A2D383B12805C141007F22C3 /* Helpers */,
				A2DB9CF327FD7F1600339D48 /* Fonts */,
				A237D23B280C0458007655BD /* JSONs */,
			);
			path = "Supporting Files";
			sourceTree = "<group>";
		};
/* End PBXGroup section */

/* Begin PBXNativeTarget section */
		A275CA0A27FC1C2F0020B02B /* SpaceXRocketsApp */ = {
			isa = PBXNativeTarget;
			buildConfigurationList = A275CA1F27FC1C300020B02B /* Build configuration list for PBXNativeTarget "SpaceXRocketsApp" */;
			buildPhases = (
				A275CA0727FC1C2F0020B02B /* Sources */,
				A275CA0827FC1C2F0020B02B /* Frameworks */,
				A275CA0927FC1C2F0020B02B /* Resources */,
			);
			buildRules = (
			);
			dependencies = (
			);
			name = SpaceXRocketsApp;
			productName = SpaceXRocketsApp;
			productReference = A275CA0B27FC1C2F0020B02B /* SpaceXRocketsApp.app */;
			productType = "com.apple.product-type.application";
		};
/* End PBXNativeTarget section */

/* Begin PBXProject section */
		A275CA0327FC1C2F0020B02B /* Project object */ = {
			isa = PBXProject;
			attributes = {
				BuildIndependentTargetsInParallel = 1;
				LastSwiftUpdateCheck = 1320;
				LastUpgradeCheck = 1320;
				TargetAttributes = {
					A275CA0A27FC1C2F0020B02B = {
						CreatedOnToolsVersion = 13.2.1;
					};
				};
			};
			buildConfigurationList = A275CA0627FC1C2F0020B02B /* Build configuration list for PBXProject "SpaceXRocketsApp" */;
			compatibilityVersion = "Xcode 13.0";
			developmentRegion = en;
			hasScannedForEncodings = 0;
			knownRegions = (
				en,
				Base,
			);
			mainGroup = A275CA0227FC1C2F0020B02B;
			productRefGroup = A275CA0C27FC1C2F0020B02B /* Products */;
			projectDirPath = "";
			projectRoot = "";
			targets = (
				A275CA0A27FC1C2F0020B02B /* SpaceXRocketsApp */,
			);
		};
/* End PBXProject section */

/* Begin PBXResourcesBuildPhase section */
		A275CA0927FC1C2F0020B02B /* Resources */ = {
			isa = PBXResourcesBuildPhase;
			buildActionMask = 2147483647;
			files = (
				A2DB9CFB27FD7F7000339D48 /* LabGrotesque-Medium.ttf in Resources */,
				A275CA1B27FC1C300020B02B /* LaunchScreen.storyboard in Resources */,
				A2DB9CF827FD7F7000339D48 /* LabGrotesque-Bold.ttf in Resources */,
				A2DB9CF927FD7F7000339D48 /* LabGrotesque-Thin.ttf in Resources */,
				A251FB6027FF8454007649EF /* Rockets.JSON in Resources */,
				A2DB9CFD27FD806200339D48 /* FontNames in Resources */,
				A275CA1827FC1C300020B02B /* Assets.xcassets in Resources */,
				A275CA1627FC1C2F0020B02B /* Main.storyboard in Resources */,
				A299754E2806ACC80015FB9A /* Launches.JSON in Resources */,
				A2DB9CFA27FD7F7000339D48 /* LabGrotesque-Regular.ttf in Resources */,
			);
			runOnlyForDeploymentPostprocessing = 0;
		};
/* End PBXResourcesBuildPhase section */

/* Begin PBXSourcesBuildPhase section */
		A275CA0727FC1C2F0020B02B /* Sources */ = {
			isa = PBXSourcesBuildPhase;
			buildActionMask = 2147483647;
			files = (
				A2DB9D0427FD882F00339D48 /* MainInfoSectionCell.swift in Sources */,
				A275CA2627FC21D20020B02B /* BasePageViewController.swift in Sources */,
				A2DB9D0827FD997C00339D48 /* Color.swift in Sources */,
				A2852F8E27FE1EBF000CDA92 /* MainShowButtonCell.swift in Sources */,
				A24BBC7928004FAD00EA5A87 /* AssemblyBuilder.swift in Sources */,
				A25BB6C52804AC1E00FCDF02 /* MainStageSectionViewModel.swift in Sources */,
				A2768143281C0D9C00C0172F /* SettingsItemView.swift in Sources */,
				A2D383B52805E0AE007F22C3 /* DetailsCollectionCell.swift in Sources */,
				A2DB9D0627FD88A700339D48 /* Font.swift in Sources */,
				A275CA2D27FC24040020B02B /* MainViewController.swift in Sources */,
				A25FCF312803EFD900A34EBA /* MainTableViewViewModel.swift in Sources */,
				A2A19BA72802C57C00B28901 /* Size.swift in Sources */,
				A2852F9127FE3B12000CDA92 /* MainSectionHeader.swift in Sources */,
				A25FCF2B2803E83700A34EBA /* MainTableViewCellViewModel.swift in Sources */,
				A2516722280B15F800FFFB56 /* NavigationController.swift in Sources */,
				A24EE55527FF17640005E3D1 /* RocketModel.swift in Sources */,
				A275CA3227FC9E310020B02B /* MainView.swift in Sources */,
				A25FBF4E28171C58003F9280 /* SettingsPresenter.swift in Sources */,
				A245027728087ADC005FF06C /* DetailsCollectionCellViewModel.swift in Sources */,
				A275CA0F27FC1C2F0020B02B /* AppDelegate.swift in Sources */,
				A2D383AC280587A5007F22C3 /* DetailsViewController.swift in Sources */,
				A24EE55327FEEE6E0005E3D1 /* MainStageSectionCell.swift in Sources */,
				A2768140281C013000C0172F /* SettingsView.swift in Sources */,
				A237D248280C6A53007655BD /* UIViewController + extension.swift in Sources */,
				A237D23F280C314E007655BD /* MainCollectionViewCell.swift in Sources */,
				A24BBC7C2800543900EA5A87 /* Router.swift in Sources */,
				A25FBF4C28171C1B003F9280 /* SettingsViewController.swift in Sources */,
				A2D383B02805BE6A007F22C3 /* TextFormatter.swift in Sources */,
				A237D241280C3321007655BD /* MainCollectionViewCellViewModel.swift in Sources */,
				A25BB6C32804AC0700FCDF02 /* MainInfoSectionViewModel.swift in Sources */,
				A237D246280C59C8007655BD /* UIScrollView + extension.swift in Sources */,
				A251FB5A27FF7E62007649EF /* BasePresenter.swift in Sources */,
				A251FB5C27FF7FC5007649EF /* RocketData.swift in Sources */,
				A275CA1127FC1C2F0020B02B /* SceneDelegate.swift in Sources */,
				A251FB5627FF712E007649EF /* NetworkManager.swift in Sources */,
				A26298C428056002005F2798 /* MainButtonSectionViewModel.swift in Sources */,
				A237D244280C358D007655BD /* MainCollectionViewViewModel.swift in Sources */,
				A275CA3727FCAC400020B02B /* MainViewHeader.swift in Sources */,
				A24BBC7628004F0600EA5A87 /* API.swift in Sources */,
				A245027B2808A355005FF06C /* UIImage + extension.swift in Sources */,
				A2A19BA52802B1A500B28901 /* DataManager.swift in Sources */,
				A2A19BA328028AD400B28901 /* MainPresenter.swift in Sources */,
				A2D383AA2805831C007F22C3 /* LaunchModel.swift in Sources */,
				A24502792808836D005FF06C /* DetailsCollectionViewModel.swift in Sources */,
				A2D383AE280587DD007F22C3 /* DetailsPresenter.swift in Sources */,
			);
			runOnlyForDeploymentPostprocessing = 0;
		};
/* End PBXSourcesBuildPhase section */

/* Begin PBXVariantGroup section */
		A275CA1427FC1C2F0020B02B /* Main.storyboard */ = {
			isa = PBXVariantGroup;
			children = (
				A275CA1527FC1C2F0020B02B /* Base */,
			);
			name = Main.storyboard;
			sourceTree = "<group>";
		};
		A275CA1927FC1C300020B02B /* LaunchScreen.storyboard */ = {
			isa = PBXVariantGroup;
			children = (
				A275CA1A27FC1C300020B02B /* Base */,
			);
			name = LaunchScreen.storyboard;
			sourceTree = "<group>";
		};
/* End PBXVariantGroup section */

/* Begin XCBuildConfiguration section */
		A275CA1D27FC1C300020B02B /* Debug */ = {
			isa = XCBuildConfiguration;
			buildSettings = {
				ALWAYS_SEARCH_USER_PATHS = NO;
				CLANG_ANALYZER_NONNULL = YES;
				CLANG_ANALYZER_NUMBER_OBJECT_CONVERSION = YES_AGGRESSIVE;
				CLANG_CXX_LANGUAGE_STANDARD = "gnu++17";
				CLANG_CXX_LIBRARY = "libc++";
				CLANG_ENABLE_MODULES = YES;
				CLANG_ENABLE_OBJC_ARC = YES;
				CLANG_ENABLE_OBJC_WEAK = YES;
				CLANG_WARN_BLOCK_CAPTURE_AUTORELEASING = YES;
				CLANG_WARN_BOOL_CONVERSION = YES;
				CLANG_WARN_COMMA = YES;
				CLANG_WARN_CONSTANT_CONVERSION = YES;
				CLANG_WARN_DEPRECATED_OBJC_IMPLEMENTATIONS = YES;
				CLANG_WARN_DIRECT_OBJC_ISA_USAGE = YES_ERROR;
				CLANG_WARN_DOCUMENTATION_COMMENTS = YES;
				CLANG_WARN_EMPTY_BODY = YES;
				CLANG_WARN_ENUM_CONVERSION = YES;
				CLANG_WARN_INFINITE_RECURSION = YES;
				CLANG_WARN_INT_CONVERSION = YES;
				CLANG_WARN_NON_LITERAL_NULL_CONVERSION = YES;
				CLANG_WARN_OBJC_IMPLICIT_RETAIN_SELF = YES;
				CLANG_WARN_OBJC_LITERAL_CONVERSION = YES;
				CLANG_WARN_OBJC_ROOT_CLASS = YES_ERROR;
				CLANG_WARN_QUOTED_INCLUDE_IN_FRAMEWORK_HEADER = YES;
				CLANG_WARN_RANGE_LOOP_ANALYSIS = YES;
				CLANG_WARN_STRICT_PROTOTYPES = YES;
				CLANG_WARN_SUSPICIOUS_MOVE = YES;
				CLANG_WARN_UNGUARDED_AVAILABILITY = YES_AGGRESSIVE;
				CLANG_WARN_UNREACHABLE_CODE = YES;
				CLANG_WARN__DUPLICATE_METHOD_MATCH = YES;
				COPY_PHASE_STRIP = NO;
				DEBUG_INFORMATION_FORMAT = dwarf;
				ENABLE_STRICT_OBJC_MSGSEND = YES;
				ENABLE_TESTABILITY = YES;
				GCC_C_LANGUAGE_STANDARD = gnu11;
				GCC_DYNAMIC_NO_PIC = NO;
				GCC_NO_COMMON_BLOCKS = YES;
				GCC_OPTIMIZATION_LEVEL = 0;
				GCC_PREPROCESSOR_DEFINITIONS = (
					"DEBUG=1",
					"$(inherited)",
				);
				GCC_WARN_64_TO_32_BIT_CONVERSION = YES;
				GCC_WARN_ABOUT_RETURN_TYPE = YES_ERROR;
				GCC_WARN_UNDECLARED_SELECTOR = YES;
				GCC_WARN_UNINITIALIZED_AUTOS = YES_AGGRESSIVE;
				GCC_WARN_UNUSED_FUNCTION = YES;
				GCC_WARN_UNUSED_VARIABLE = YES;
				IPHONEOS_DEPLOYMENT_TARGET = 13.0;
				MTL_ENABLE_DEBUG_INFO = INCLUDE_SOURCE;
				MTL_FAST_MATH = YES;
				ONLY_ACTIVE_ARCH = YES;
				SDKROOT = iphoneos;
				SWIFT_ACTIVE_COMPILATION_CONDITIONS = DEBUG;
				SWIFT_OPTIMIZATION_LEVEL = "-Onone";
			};
			name = Debug;
		};
		A275CA1E27FC1C300020B02B /* Release */ = {
			isa = XCBuildConfiguration;
			buildSettings = {
				ALWAYS_SEARCH_USER_PATHS = NO;
				CLANG_ANALYZER_NONNULL = YES;
				CLANG_ANALYZER_NUMBER_OBJECT_CONVERSION = YES_AGGRESSIVE;
				CLANG_CXX_LANGUAGE_STANDARD = "gnu++17";
				CLANG_CXX_LIBRARY = "libc++";
				CLANG_ENABLE_MODULES = YES;
				CLANG_ENABLE_OBJC_ARC = YES;
				CLANG_ENABLE_OBJC_WEAK = YES;
				CLANG_WARN_BLOCK_CAPTURE_AUTORELEASING = YES;
				CLANG_WARN_BOOL_CONVERSION = YES;
				CLANG_WARN_COMMA = YES;
				CLANG_WARN_CONSTANT_CONVERSION = YES;
				CLANG_WARN_DEPRECATED_OBJC_IMPLEMENTATIONS = YES;
				CLANG_WARN_DIRECT_OBJC_ISA_USAGE = YES_ERROR;
				CLANG_WARN_DOCUMENTATION_COMMENTS = YES;
				CLANG_WARN_EMPTY_BODY = YES;
				CLANG_WARN_ENUM_CONVERSION = YES;
				CLANG_WARN_INFINITE_RECURSION = YES;
				CLANG_WARN_INT_CONVERSION = YES;
				CLANG_WARN_NON_LITERAL_NULL_CONVERSION = YES;
				CLANG_WARN_OBJC_IMPLICIT_RETAIN_SELF = YES;
				CLANG_WARN_OBJC_LITERAL_CONVERSION = YES;
				CLANG_WARN_OBJC_ROOT_CLASS = YES_ERROR;
				CLANG_WARN_QUOTED_INCLUDE_IN_FRAMEWORK_HEADER = YES;
				CLANG_WARN_RANGE_LOOP_ANALYSIS = YES;
				CLANG_WARN_STRICT_PROTOTYPES = YES;
				CLANG_WARN_SUSPICIOUS_MOVE = YES;
				CLANG_WARN_UNGUARDED_AVAILABILITY = YES_AGGRESSIVE;
				CLANG_WARN_UNREACHABLE_CODE = YES;
				CLANG_WARN__DUPLICATE_METHOD_MATCH = YES;
				COPY_PHASE_STRIP = NO;
				DEBUG_INFORMATION_FORMAT = "dwarf-with-dsym";
				ENABLE_NS_ASSERTIONS = NO;
				ENABLE_STRICT_OBJC_MSGSEND = YES;
				GCC_C_LANGUAGE_STANDARD = gnu11;
				GCC_NO_COMMON_BLOCKS = YES;
				GCC_WARN_64_TO_32_BIT_CONVERSION = YES;
				GCC_WARN_ABOUT_RETURN_TYPE = YES_ERROR;
				GCC_WARN_UNDECLARED_SELECTOR = YES;
				GCC_WARN_UNINITIALIZED_AUTOS = YES_AGGRESSIVE;
				GCC_WARN_UNUSED_FUNCTION = YES;
				GCC_WARN_UNUSED_VARIABLE = YES;
				IPHONEOS_DEPLOYMENT_TARGET = 13.0;
				MTL_ENABLE_DEBUG_INFO = NO;
				MTL_FAST_MATH = YES;
				SDKROOT = iphoneos;
				SWIFT_COMPILATION_MODE = wholemodule;
				SWIFT_OPTIMIZATION_LEVEL = "-O";
				VALIDATE_PRODUCT = YES;
			};
			name = Release;
		};
		A275CA2027FC1C300020B02B /* Debug */ = {
			isa = XCBuildConfiguration;
			buildSettings = {
				ASSETCATALOG_COMPILER_APPICON_NAME = AppIcon;
				ASSETCATALOG_COMPILER_GLOBAL_ACCENT_COLOR_NAME = AccentColor;
				CODE_SIGN_STYLE = Automatic;
				CURRENT_PROJECT_VERSION = 1;
				DEVELOPMENT_TEAM = U3JHK4U826;
				GENERATE_INFOPLIST_FILE = YES;
				INFOPLIST_FILE = SpaceXRocketsApp/Core/PropertyList/Info.plist;
				INFOPLIST_KEY_UIApplicationSupportsIndirectInputEvents = YES;
				INFOPLIST_KEY_UILaunchStoryboardName = LaunchScreen;
				INFOPLIST_KEY_UIStatusBarHidden = YES;
				INFOPLIST_KEY_UISupportedInterfaceOrientations = UIInterfaceOrientationPortrait;
				INFOPLIST_KEY_UISupportedInterfaceOrientations_iPad = "UIInterfaceOrientationPortrait UIInterfaceOrientationPortraitUpsideDown UIInterfaceOrientationLandscapeLeft UIInterfaceOrientationLandscapeRight";
				INFOPLIST_KEY_UISupportedInterfaceOrientations_iPhone = "UIInterfaceOrientationPortrait UIInterfaceOrientationLandscapeLeft UIInterfaceOrientationLandscapeRight";
				IPHONEOS_DEPLOYMENT_TARGET = 13.0;
				LD_RUNPATH_SEARCH_PATHS = (
					"$(inherited)",
					"@executable_path/Frameworks",
				);
				MARKETING_VERSION = 1.0;
				PRODUCT_BUNDLE_IDENTIFIER = YeoCompany.SpaceXRocketsApp;
				PRODUCT_NAME = "$(TARGET_NAME)";
				SWIFT_EMIT_LOC_STRINGS = YES;
				SWIFT_VERSION = 5.0;
				TARGETED_DEVICE_FAMILY = 1;
			};
			name = Debug;
		};
		A275CA2127FC1C300020B02B /* Release */ = {
			isa = XCBuildConfiguration;
			buildSettings = {
				ASSETCATALOG_COMPILER_APPICON_NAME = AppIcon;
				ASSETCATALOG_COMPILER_GLOBAL_ACCENT_COLOR_NAME = AccentColor;
				CODE_SIGN_STYLE = Automatic;
				CURRENT_PROJECT_VERSION = 1;
				DEVELOPMENT_TEAM = U3JHK4U826;
				GENERATE_INFOPLIST_FILE = YES;
				INFOPLIST_FILE = SpaceXRocketsApp/Core/PropertyList/Info.plist;
				INFOPLIST_KEY_UIApplicationSupportsIndirectInputEvents = YES;
				INFOPLIST_KEY_UILaunchStoryboardName = LaunchScreen;
				INFOPLIST_KEY_UIStatusBarHidden = YES;
				INFOPLIST_KEY_UISupportedInterfaceOrientations = UIInterfaceOrientationPortrait;
				INFOPLIST_KEY_UISupportedInterfaceOrientations_iPad = "UIInterfaceOrientationPortrait UIInterfaceOrientationPortraitUpsideDown UIInterfaceOrientationLandscapeLeft UIInterfaceOrientationLandscapeRight";
				INFOPLIST_KEY_UISupportedInterfaceOrientations_iPhone = "UIInterfaceOrientationPortrait UIInterfaceOrientationLandscapeLeft UIInterfaceOrientationLandscapeRight";
				IPHONEOS_DEPLOYMENT_TARGET = 13.0;
				LD_RUNPATH_SEARCH_PATHS = (
					"$(inherited)",
					"@executable_path/Frameworks",
				);
				MARKETING_VERSION = 1.0;
				PRODUCT_BUNDLE_IDENTIFIER = YeoCompany.SpaceXRocketsApp;
				PRODUCT_NAME = "$(TARGET_NAME)";
				SWIFT_EMIT_LOC_STRINGS = YES;
				SWIFT_VERSION = 5.0;
				TARGETED_DEVICE_FAMILY = 1;
			};
			name = Release;
		};
/* End XCBuildConfiguration section */

/* Begin XCConfigurationList section */
		A275CA0627FC1C2F0020B02B /* Build configuration list for PBXProject "SpaceXRocketsApp" */ = {
			isa = XCConfigurationList;
			buildConfigurations = (
				A275CA1D27FC1C300020B02B /* Debug */,
				A275CA1E27FC1C300020B02B /* Release */,
			);
			defaultConfigurationIsVisible = 0;
			defaultConfigurationName = Release;
		};
		A275CA1F27FC1C300020B02B /* Build configuration list for PBXNativeTarget "SpaceXRocketsApp" */ = {
			isa = XCConfigurationList;
			buildConfigurations = (
				A275CA2027FC1C300020B02B /* Debug */,
				A275CA2127FC1C300020B02B /* Release */,
			);
			defaultConfigurationIsVisible = 0;
			defaultConfigurationName = Release;
		};
/* End XCConfigurationList section */
	};
	rootObject = A275CA0327FC1C2F0020B02B /* Project object */;
}
